
Microsoft Visual Studio Solution File, Format Version 12.00
# Visual Studio Version 16
VisualStudioVersion = 16.0.31729.503
MinimumVisualStudioVersion = 10.0.40219.1
Project("{9A19103F-16F7-4668-BE54-9A1E7A4F7556}") = "Laba1", "Laba1\Laba1.csproj", "{64DC4C5A-B9AB-4ED6-82AF-1ABC7CF5DD85}"
EndProject
Project("{FAE04EC0-301F-11D3-BF4B-00C04F79EFBC}") = "Laba2", "Laba2\Laba2.csproj", "{CC1BF16E-EA88-44E7-8783-1EED8B3B4E1B}"
EndProject
Global
	GlobalSection(SolutionConfigurationPlatforms) = preSolution
		Debug|Any CPU = Debug|Any CPU
		Release|Any CPU = Release|Any CPU
	EndGlobalSection
	GlobalSection(ProjectConfigurationPlatforms) = postSolution
		{64DC4C5A-B9AB-4ED6-82AF-1ABC7CF5DD85}.Debug|Any CPU.ActiveCfg = Debug|Any CPU
		{64DC4C5A-B9AB-4ED6-82AF-1ABC7CF5DD85}.Debug|Any CPU.Build.0 = Debug|Any CPU
		{64DC4C5A-B9AB-4ED6-82AF-1ABC7CF5DD85}.Release|Any CPU.ActiveCfg = Release|Any CPU
		{64DC4C5A-B9AB-4ED6-82AF-1ABC7CF5DD85}.Release|Any CPU.Build.0 = Release|Any CPU
		{CC1BF16E-EA88-44E7-8783-1EED8B3B4E1B}.Debug|Any CPU.ActiveCfg = Debug|Any CPU
		{CC1BF16E-EA88-44E7-8783-1EED8B3B4E1B}.Debug|Any CPU.Build.0 = Debug|Any CPU
		{CC1BF16E-EA88-44E7-8783-1EED8B3B4E1B}.Release|Any CPU.ActiveCfg = Release|Any CPU
		{CC1BF16E-EA88-44E7-8783-1EED8B3B4E1B}.Release|Any CPU.Build.0 = Release|Any CPU
	EndGlobalSection
	GlobalSection(SolutionProperties) = preSolution
		HideSolutionNode = FALSE
	EndGlobalSection
	GlobalSection(ExtensibilityGlobals) = postSolution
		SolutionGuid = {23CB253F-2BA7-45D4-9E4E-0F96E73145E7}
	EndGlobalSection
EndGlobal
